
Microsoft Visual Studio Solution File, Format Version 10.00
# Visual Studio 2008
Project("{FAE04EC0-301F-11D3-BF4B-00C04F79EFBC}") = "GEVS", "GEVS\GEVS.csproj", "{B525C479-12A8-40F7-AC10-2E314E64E0AA}"
EndProject
Global
	GlobalSection(SolutionConfigurationPlatforms) = preSolution
		Debug|Any CPU = Debug|Any CPU
		Release|Any CPU = Release|Any CPU
	EndGlobalSection
	GlobalSection(ProjectConfigurationPlatforms) = postSolution
		{B525C479-12A8-40F7-AC10-2E314E64E0AA}.Debug|Any CPU.ActiveCfg = Debug|Any CPU
		{B525C479-12A8-40F7-AC10-2E314E64E0AA}.Debug|Any CPU.Build.0 = Debug|Any CPU
		{B525C479-12A8-40F7-AC10-2E314E64E0AA}.Release|Any CPU.ActiveCfg = Release|Any CPU
		{B525C479-12A8-40F7-AC10-2E314E64E0AA}.Release|Any CPU.Build.0 = Release|Any CPU
	EndGlobalSection
	GlobalSection(SolutionProperties) = preSolution
		HideSolutionNode = FALSE
	EndGlobalSection
EndGlobal
